// !$*UTF8*$!
{
	archiveVersion = 1;
	classes = {
	};
	objectVersion = 46;
	objects = {

/* Begin PBXBuildFile section */
		710DB6681ED03F1100A89F50 /* AppDelegate.swift in Sources */ = {isa = PBXBuildFile; fileRef = 710DB6671ED03F1100A89F50 /* AppDelegate.swift */; };
		710DB66A1ED03F1100A89F50 /* ViewController.swift in Sources */ = {isa = PBXBuildFile; fileRef = 710DB6691ED03F1100A89F50 /* ViewController.swift */; };
		710DB66D1ED03F1100A89F50 /* Main.storyboard in Resources */ = {isa = PBXBuildFile; fileRef = 710DB66B1ED03F1100A89F50 /* Main.storyboard */; };
		710DB6701ED03F1100A89F50 /* SkillCoreData.xcdatamodeld in Sources */ = {isa = PBXBuildFile; fileRef = 710DB66E1ED03F1100A89F50 /* SkillCoreData.xcdatamodeld */; };
		710DB6721ED03F1100A89F50 /* Assets.xcassets in Resources */ = {isa = PBXBuildFile; fileRef = 710DB6711ED03F1100A89F50 /* Assets.xcassets */; };
		710DB6751ED03F1100A89F50 /* LaunchScreen.storyboard in Resources */ = {isa = PBXBuildFile; fileRef = 710DB6731ED03F1100A89F50 /* LaunchScreen.storyboard */; };
/* End PBXBuildFile section */

/* Begin PBXFileReference section */
		710DB6641ED03F1100A89F50 /* SkillCoreData.app */ = {isa = PBXFileReference; explicitFileType = wrapper.application; includeInIndex = 0; path = SkillCoreData.app; sourceTree = BUILT_PRODUCTS_DIR; };
		710DB6671ED03F1100A89F50 /* AppDelegate.swift */ = {isa = PBXFileReference; lastKnownFileType = sourcecode.swift; path = AppDelegate.swift; sourceTree = "<group>"; };
		710DB6691ED03F1100A89F50 /* ViewController.swift */ = {isa = PBXFileReference; lastKnownFileType = sourcecode.swift; path = ViewController.swift; sourceTree = "<group>"; };
		710DB66C1ED03F1100A89F50 /* Base */ = {isa = PBXFileReference; lastKnownFileType = file.storyboard; name = Base; path = Base.lproj/Main.storyboard; sourceTree = "<group>"; };
		710DB66F1ED03F1100A89F50 /* SkillCoreData.xcdatamodel */ = {isa = PBXFileReference; lastKnownFileType = wrapper.xcdatamodel; path = SkillCoreData.xcdatamodel; sourceTree = "<group>"; };
		710DB6711ED03F1100A89F50 /* Assets.xcassets */ = {isa = PBXFileReference; lastKnownFileType = folder.assetcatalog; path = Assets.xcassets; sourceTree = "<group>"; };
		710DB6741ED03F1100A89F50 /* Base */ = {isa = PBXFileReference; lastKnownFileType = file.storyboard; name = Base; path = Base.lproj/LaunchScreen.storyboard; sourceTree = "<group>"; };
		710DB6761ED03F1100A89F50 /* Info.plist */ = {isa = PBXFileReference; lastKnownFileType = text.plist.xml; path = Info.plist; sourceTree = "<group>"; };
/* End PBXFileReference section */

/* Begin PBXFrameworksBuildPhase section */
		710DB6611ED03F1100A89F50 /* Frameworks */ = {
			isa = PBXFrameworksBuildPhase;
			buildActionMask = 2147483647;
			files = (
			);
			runOnlyForDeploymentPostprocessing = 0;
		};
/* End PBXFrameworksBuildPhase section */

/* Begin PBXGroup section */
		710DB65B1ED03F1100A89F50 = {
			isa = PBXGroup;
			children = (
				710DB6661ED03F1100A89F50 /* SkillCoreData */,
				710DB6651ED03F1100A89F50 /* Products */,
			);
			sourceTree = "<group>";
		};
		710DB6651ED03F1100A89F50 /* Products */ = {
			isa = PBXGroup;
			children = (
				710DB6641ED03F1100A89F50 /* SkillCoreData.app */,
			);
			name = Products;
			sourceTree = "<group>";
		};
		710DB6661ED03F1100A89F50 /* SkillCoreData */ = {
			isa = PBXGroup;
			children = (
				710DB6671ED03F1100A89F50 /* AppDelegate.swift */,
				710DB6691ED03F1100A89F50 /* ViewController.swift */,
				710DB66B1ED03F1100A89F50 /* Main.storyboard */,
				710DB6711ED03F1100A89F50 /* Assets.xcassets */,
				710DB6731ED03F1100A89F50 /* LaunchScreen.storyboard */,
				710DB6761ED03F1100A89F50 /* Info.plist */,
				710DB66E1ED03F1100A89F50 /* SkillCoreData.xcdatamodeld */,
			);
			path = SkillCoreData;
			sourceTree = "<group>";
		};
/* End PBXGroup section */

/* Begin PBXNativeTarget section */
		710DB6631ED03F1100A89F50 /* SkillCoreData */ = {
			isa = PBXNativeTarget;
			buildConfigurationList = 710DB6791ED03F1100A89F50 /* Build configuration list for PBXNativeTarget "SkillCoreData" */;
			buildPhases = (
				710DB6601ED03F1100A89F50 /* Sources */,
				710DB6611ED03F1100A89F50 /* Frameworks */,
				710DB6621ED03F1100A89F50 /* Resources */,
			);
			buildRules = (
			);
			dependencies = (
			);
			name = SkillCoreData;
			productName = SkillCoreData;
			productReference = 710DB6641ED03F1100A89F50 /* SkillCoreData.app */;
			productType = "com.apple.product-type.application";
		};
/* End PBXNativeTarget section */

/* Begin PBXProject section */
		710DB65C1ED03F1100A89F50 /* Project object */ = {
			isa = PBXProject;
			attributes = {
				LastSwiftUpdateCheck = 0830;
				LastUpgradeCheck = 0830;
				ORGANIZATIONNAME = adeveloper;
				TargetAttributes = {
					710DB6631ED03F1100A89F50 = {
						CreatedOnToolsVersion = 8.3.2;
						DevelopmentTeam = RF42FG352F;
						ProvisioningStyle = Automatic;
					};
				};
			};
			buildConfigurationList = 710DB65F1ED03F1100A89F50 /* Build configuration list for PBXProject "SkillCoreData" */;
			compatibilityVersion = "Xcode 3.2";
			developmentRegion = English;
			hasScannedForEncodings = 0;
			knownRegions = (
				en,
				Base,
			);
			mainGroup = 710DB65B1ED03F1100A89F50;
			productRefGroup = 710DB6651ED03F1100A89F50 /* Products */;
			projectDirPath = "";
			projectRoot = "";
			targets = (
				710DB6631ED03F1100A89F50 /* SkillCoreData */,
			);
		};
/* End PBXProject section */

/* Begin PBXResourcesBuildPhase section */
		710DB6621ED03F1100A89F50 /* Resources */ = {
			isa = PBXResourcesBuildPhase;
			buildActionMask = 2147483647;
			files = (
				710DB6751ED03F1100A89F50 /* LaunchScreen.storyboard in Resources */,
				710DB6721ED03F1100A89F50 /* Assets.xcassets in Resources */,
				710DB66D1ED03F1100A89F50 /* Main.storyboard in Resources */,
			);
			runOnlyForDeploymentPostprocessing = 0;
		};
/* End PBXResourcesBuildPhase section */

/* Begin PBXSourcesBuildPhase section */
		710DB6601ED03F1100A89F50 /* Sources */ = {
			isa = PBXSourcesBuildPhase;
			buildActionMask = 2147483647;
			files = (
				710DB66A1ED03F1100A89F50 /* ViewController.swift in Sources */,
				710DB6681ED03F1100A89F50 /* AppDelegate.swift in Sources */,
				710DB6701ED03F1100A89F50 /* SkillCoreData.xcdatamodeld in Sources */,
			);
			runOnlyForDeploymentPostprocessing = 0;
		};
/* End PBXSourcesBuildPhase section */

/* Begin PBXVariantGroup section */
		710DB66B1ED03F1100A89F50 /* Main.storyboard */ = {
			isa = PBXVariantGroup;
			children = (
				710DB66C1ED03F1100A89F50 /* Base */,
			);
			name = Main.storyboard;
			sourceTree = "<group>";
		};
		710DB6731ED03F1100A89F50 /* LaunchScreen.storyboard */ = {
			isa = PBXVariantGroup;
			children = (
				710DB6741ED03F1100A89F50 /* Base */,
			);
			name = LaunchScreen.storyboard;
			sourceTree = "<group>";
		};
/* End PBXVariantGroup section */

/* Begin XCBuildConfiguration section */
		710DB6771ED03F1100A89F50 /* Debug */ = {
			isa = XCBuildConfiguration;
			buildSettings = {
				ALWAYS_SEARCH_USER_PATHS = NO;
				CLANG_ANALYZER_NONNULL = YES;
				CLANG_ANALYZER_NUMBER_OBJECT_CONVERSION = YES_AGGRESSIVE;
				CLANG_CXX_LANGUAGE_STANDARD = "gnu++0x";
				CLANG_CXX_LIBRARY = "libc++";
				CLANG_ENABLE_MODULES = YES;
				CLANG_ENABLE_OBJC_ARC = YES;
				CLANG_WARN_BOOL_CONVERSION = YES;
				CLANG_WARN_CONSTANT_CONVERSION = YES;
				CLANG_WARN_DIRECT_OBJC_ISA_USAGE = YES_ERROR;
				CLANG_WARN_DOCUMENTATION_COMMENTS = YES;
				CLANG_WARN_EMPTY_BODY = YES;
				CLANG_WARN_ENUM_CONVERSION = YES;
				CLANG_WARN_INFINITE_RECURSION = YES;
				CLANG_WARN_INT_CONVERSION = YES;
				CLANG_WARN_OBJC_ROOT_CLASS = YES_ERROR;
				CLANG_WARN_SUSPICIOUS_MOVE = YES;
				CLANG_WARN_UNREACHABLE_CODE = YES;
				CLANG_WARN__DUPLICATE_METHOD_MATCH = YES;
				"CODE_SIGN_IDENTITY[sdk=iphoneos*]" = "iPhone Developer";
				COPY_PHASE_STRIP = NO;
				DEBUG_INFORMATION_FORMAT = dwarf;
				ENABLE_STRICT_OBJC_MSGSEND = YES;
				ENABLE_TESTABILITY = YES;
				GCC_C_LANGUAGE_STANDARD = gnu99;
				GCC_DYNAMIC_NO_PIC = NO;
				GCC_NO_COMMON_BLOCKS = YES;
				GCC_OPTIMIZATION_LEVEL = 0;
				GCC_PREPROCESSOR_DEFINITIONS = (
					"DEBUG=1",
					"$(inherited)",
				);
				GCC_WARN_64_TO_32_BIT_CONVERSION = YES;
				GCC_WARN_ABOUT_RETURN_TYPE = YES_ERROR;
				GCC_WARN_UNDECLARED_SELECTOR = YES;
				GCC_WARN_UNINITIALIZED_AUTOS = YES_AGGRESSIVE;
				GCC_WARN_UNUSED_FUNCTION = YES;
				GCC_WARN_UNUSED_VARIABLE = YES;
				IPHONEOS_DEPLOYMENT_TARGET = 10.3;
				MTL_ENABLE_DEBUG_INFO = YES;
				ONLY_ACTIVE_ARCH = YES;
				SDKROOT = iphoneos;
				SWIFT_ACTIVE_COMPILATION_CONDITIONS = DEBUG;
				SWIFT_OPTIMIZATION_LEVEL = "-Onone";
				TARGETED_DEVICE_FAMILY = "1,2";
			};
			name = Debug;
		};
		710DB6781ED03F1100A89F50 /* Release */ = {
			isa = XCBuildConfiguration;
			buildSettings = {
				ALWAYS_SEARCH_USER_PATHS = NO;
				CLANG_ANALYZER_NONNULL = YES;
				CLANG_ANALYZER_NUMBER_OBJECT_CONVERSION = YES_AGGRESSIVE;
				CLANG_CXX_LANGUAGE_STANDARD = "gnu++0x";
				CLANG_CXX_LIBRARY = "libc++";
				CLANG_ENABLE_MODULES = YES;
				CLANG_ENABLE_OBJC_ARC = YES;
				CLANG_WARN_BOOL_CONVERSION = YES;
				CLANG_WARN_CONSTANT_CONVERSION = YES;
				CLANG_WARN_DIRECT_OBJC_ISA_USAGE = YES_ERROR;
				CLANG_WARN_DOCUMENTATION_COMMENTS = YES;
				CLANG_WARN_EMPTY_BODY = YES;
				CLANG_WARN_ENUM_CONVERSION = YES;
				CLANG_WARN_INFINITE_RECURSION = YES;
				CLANG_WARN_INT_CONVERSION = YES;
				CLANG_WARN_OBJC_ROOT_CLASS = YES_ERROR;
				CLANG_WARN_SUSPICIOUS_MOVE = YES;
				CLANG_WARN_UNREACHABLE_CODE = YES;
				CLANG_WARN__DUPLICATE_METHOD_MATCH = YES;
				"CODE_SIGN_IDENTITY[sdk=iphoneos*]" = "iPhone Developer";
				COPY_PHASE_STRIP = NO;
				DEBUG_INFORMATION_FORMAT = "dwarf-with-dsym";
				ENABLE_NS_ASSERTIONS = NO;
				ENABLE_STRICT_OBJC_MSGSEND = YES;
				GCC_C_LANGUAGE_STANDARD = gnu99;
				GCC_NO_COMMON_BLOCKS = YES;
				GCC_WARN_64_TO_32_BIT_CONVERSION = YES;
				GCC_WARN_ABOUT_RETURN_TYPE = YES_ERROR;
				GCC_WARN_UNDECLARED_SELECTOR = YES;
				GCC_WARN_UNINITIALIZED_AUTOS = YES_AGGRESSIVE;
				GCC_WARN_UNUSED_FUNCTION = YES;
				GCC_WARN_UNUSED_VARIABLE = YES;
				IPHONEOS_DEPLOYMENT_TARGET = 10.3;
				MTL_ENABLE_DEBUG_INFO = NO;
				SDKROOT = iphoneos;
				SWIFT_OPTIMIZATION_LEVEL = "-Owholemodule";
				TARGETED_DEVICE_FAMILY = "1,2";
				VALIDATE_PRODUCT = YES;
			};
			name = Release;
		};
		710DB67A1ED03F1100A89F50 /* Debug */ = {
			isa = XCBuildConfiguration;
			buildSettings = {
				ASSETCATALOG_COMPILER_APPICON_NAME = AppIcon;
				DEVELOPMENT_TEAM = RF42FG352F;
				INFOPLIST_FILE = SkillCoreData/Info.plist;
				LD_RUNPATH_SEARCH_PATHS = "$(inherited) @executable_path/Frameworks";
				PRODUCT_BUNDLE_IDENTIFIER = adeveloper.SkillCoreData;
				PRODUCT_NAME = "$(TARGET_NAME)";
				SWIFT_VERSION = 3.0;
			};
			name = Debug;
		};
		710DB67B1ED03F1100A89F50 /* Release */ = {
			isa = XCBuildConfiguration;
			buildSettings = {
				ASSETCATALOG_COMPILER_APPICON_NAME = AppIcon;
				DEVELOPMENT_TEAM = RF42FG352F;
				INFOPLIST_FILE = SkillCoreData/Info.plist;
				LD_RUNPATH_SEARCH_PATHS = "$(inherited) @executable_path/Frameworks";
				PRODUCT_BUNDLE_IDENTIFIER = adeveloper.SkillCoreData;
				PRODUCT_NAME = "$(TARGET_NAME)";
				SWIFT_VERSION = 3.0;
			};
			name = Release;
		};
/* End XCBuildConfiguration section */

/* Begin XCConfigurationList section */
		710DB65F1ED03F1100A89F50 /* Build configuration list for PBXProject "SkillCoreData" */ = {
			isa = XCConfigurationList;
			buildConfigurations = (
				710DB6771ED03F1100A89F50 /* Debug */,
				710DB6781ED03F1100A89F50 /* Release */,
			);
			defaultConfigurationIsVisible = 0;
			defaultConfigurationName = Release;
		};
		710DB6791ED03F1100A89F50 /* Build configuration list for PBXNativeTarget "SkillCoreData" */ = {
			isa = XCConfigurationList;
			buildConfigurations = (
				710DB67A1ED03F1100A89F50 /* Debug */,
				710DB67B1ED03F1100A89F50 /* Release */,
			);
			defaultConfigurationIsVisible = 0;
		};
/* End XCConfigurationList section */

/* Begin XCVersionGroup section */
		710DB66E1ED03F1100A89F50 /* SkillCoreData.xcdatamodeld */ = {
			isa = XCVersionGroup;
			children = (
				710DB66F1ED03F1100A89F50 /* SkillCoreData.xcdatamodel */,
			);
			currentVersion = 710DB66F1ED03F1100A89F50 /* SkillCoreData.xcdatamodel */;
			path = SkillCoreData.xcdatamodeld;
			sourceTree = "<group>";
			versionGroupType = wrapper.xcdatamodel;
		};
/* End XCVersionGroup section */
	};
	rootObject = 710DB65C1ED03F1100A89F50 /* Project object */;
}
